<?xml version="1.0" encoding="utf-8"?>
<Project ToolsVersion="4.0" xmlns="http://schemas.microsoft.com/developer/msbuild/2003">
  <ItemGroup>
    <Filter Include="Source Files">
      <UniqueIdentifier>{4FC737F1-C7A5-4376-A066-2A32D752A2FF}</UniqueIdentifier>
      <Extensions>cpp;c;cc;cxx;c++;cppm;ixx;def;odl;idl;hpj;bat;asm;asmx</Extensions>
    </Filter>
    <Filter Include="Header Files">
      <UniqueIdentifier>{93995380-89BD-4b04-88EB-625FBE52EBFB}</UniqueIdentifier>
      <Extensions>h;hh;hpp;hxx;h++;hm;inl;inc;ipp;xsd</Extensions>
    </Filter>
    <Filter Include="Resource Files">
      <UniqueIdentifier>{67DA6AB6-F800-4c08-8B7A-83BB121AAD01}</UniqueIdentifier>
      <Extensions>rc;ico;cur;bmp;dlg;rc2;rct;bin;rgs;gif;jpg;jpeg;jpe;resx;tiff;tif;png;wav;mfcribbon-ms</Extensions>
    </Filter>
    <Filter Include="Utils">
      <UniqueIdentifier>{d91d5140-3250-4c52-94f0-b3dbf1442f1b}</UniqueIdentifier>
    </Filter>
    <Filter Include="Main">
      <UniqueIdentifier>{7f364694-9908-4ac0-9472-c3e29c463e0f}</UniqueIdentifier>
    </Filter>
    <Filter Include="Draw">
      <UniqueIdentifier>{75caacc4-eb1d-41d2-86e7-9d9505809643}</UniqueIdentifier>
    </Filter>
    <Filter Include="Game">
      <UniqueIdentifier>{ea3ca0a3-aaab-4b0a-b9bb-ef2ab13f5710}</UniqueIdentifier>
    </Filter>
    <Filter Include="Hooks">
      <UniqueIdentifier>{d2ee2d98-0dc4-4083-a9e7-79ee63ca4f92}</UniqueIdentifier>
    </Filter>
  </ItemGroup>
  <ItemGroup>
    <ClInclude Include="includes.h">
      <Filter>Header Files</Filter>
    </ClInclude>
    <ClInclude Include="math.h">
      <Filter>Utils</Filter>
    </ClInclude>
    <ClInclude Include="Memory.h">
      <Filter>Utils</Filter>
    </ClInclude>
    <ClInclude Include="ThePlug.h">
      <Filter>Main</Filter>
    </ClInclude>
    <ClInclude Include="draw.h">
      <Filter>Draw</Filter>
    </ClInclude>
    <ClInclude Include="Helper.h">
      <Filter>Game</Filter>
    </ClInclude>
    <ClInclude Include="Hook.h">
      <Filter>Hooks</Filter>
    </ClInclude>
  </ItemGroup>
  <ItemGroup>
    <ClCompile Include="dllmain.cpp">
      <Filter>Source Files</Filter>
    </ClCompile>
    <ClCompile Include="ThePlug.cpp">
      <Filter>Main</Filter>
    </ClCompile>
    <ClCompile Include="Memory.cpp">
      <Filter>Utils</Filter>
    </ClCompile>
    <ClCompile Include="draw.cpp">
      <Filter>Draw</Filter>
    </ClCompile>
    <ClCompile Include="Helper.cpp">
      <Filter>Game</Filter>
    </ClCompile>
    <ClCompile Include="Hook.cpp">
      <Filter>Hooks</Filter>
    </ClCompile>
  </ItemGroup>
</Project>